{
    "_readme": [
        "This file locks the dependencies of your project to a known state",
        "Read more about it at https://getcomposer.org/doc/01-basic-usage.md#installing-dependencies",
        "This file is @generated automatically"
    ],
    "content-hash": "170af5f00bc04021ab8a7c362c3c676d",
    "packages": [
        {
            "name": "phpstan/phpstan",
            "version": "1.8.5",
            "source": {
                "type": "git",
                "url": "https://github.com/phpstan/phpstan.git",
                "reference": "f6598a5ff12ca4499a836815e08b4d77a2ddeb20"
            },
            "dist": {
                "type": "zip",
                "url": "https://api.github.com/repos/phpstan/phpstan/zipball/f6598a5ff12ca4499a836815e08b4d77a2ddeb20",
                "reference": "f6598a5ff12ca4499a836815e08b4d77a2ddeb20",
                "shasum": ""
            },
            "require": {
                "php": "^7.2|^8.0"
            },
            "conflict": {
                "phpstan/phpstan-shim": "*"
            },
            "bin": [
                "phpstan",
                "phpstan.phar"
            ],
            "type": "library",
            "autoload": {
                "files": [
                    "bootstrap.php"
                ]
            },
            "notification-url": "https://packagist.org/downloads/",
            "license": [
                "MIT"
            ],
            "description": "PHPStan - PHP Static Analysis Tool",
            "keywords": [
                "dev",
                "static analysis"
            ],
            "support": {
                "issues": "https://github.com/phpstan/phpstan/issues",
                "source": "https://github.com/phpstan/phpstan/tree/1.8.5"
            },
            "funding": [
                {
                    "url": "https://github.com/ondrejmirtes",
                    "type": "github"
                },
                {
                    "url": "https://github.com/phpstan",
                    "type": "github"
                },
                {
                    "url": "https://tidelift.com/funding/github/packagist/phpstan/phpstan",
                    "type": "tidelift"
                }
            ],
            "time": "2022-09-07T16:05:32+00:00"
        },
        {
            "name": "smuuf/strict-object",
            "version": "1.0.1",
            "source": {
                "type": "git",
                "url": "https://github.com/smuuf/php-strict-object.git",
                "reference": "1e5eb194dfc251554c5c18b1ad1655034f25f673"
            },
            "dist": {
                "type": "zip",
                "url": "https://api.github.com/repos/smuuf/php-strict-object/zipball/1e5eb194dfc251554c5c18b1ad1655034f25f673",
                "reference": "1e5eb194dfc251554c5c18b1ad1655034f25f673",
                "shasum": ""
            },
            "require": {
                "php": "^7.4|^8"
            },
            "require-dev": {
                "nette/tester": "^2.3",
                "phpstan/phpstan": "^0.12.67"
            },
            "type": "library",
            "autoload": {
                "psr-4": {
                    "Smuuf\\": "src/"
                }
            },
            "notification-url": "https://packagist.org/downloads/",
            "license": [
                "MIT"
            ],
            "authors": [
                {
                    "name": "Smuuf",
                    "email": "premavansmuuf+composer@gmail.com"
                }
            ],
            "description": "Just a simple strict-object trait.",
            "support": {
                "issues": "https://github.com/smuuf/php-strict-object/issues",
                "source": "https://github.com/smuuf/php-strict-object/tree/1.0.1"
            },
            "time": "2021-02-21T16:21:35+00:00"
        }
    ],
    "packages-dev": [
        {
            "name": "nette/tester",
            "version": "v2.4.3",
            "source": {
                "type": "git",
                "url": "https://github.com/nette/tester.git",
                "reference": "451f6e97b117797e817446de8d19fe06e54fd33f"
            },
            "dist": {
                "type": "zip",
                "url": "https://api.github.com/repos/nette/tester/zipball/451f6e97b117797e817446de8d19fe06e54fd33f",
                "reference": "451f6e97b117797e817446de8d19fe06e54fd33f",
                "shasum": ""
            },
            "require": {
                "php": ">=7.2 <8.3"
            },
            "require-dev": {
                "ext-simplexml": "*",
                "phpstan/phpstan": "^1.0"
            },
            "bin": [
                "src/tester"
            ],
            "type": "library",
            "extra": {
                "branch-alias": {
                    "dev-master": "2.4-dev"
                }
            },
            "autoload": {
                "classmap": [
                    "src/"
                ]
            },
            "notification-url": "https://packagist.org/downloads/",
            "license": [
                "BSD-3-Clause",
                "GPL-2.0-only",
                "GPL-3.0-only"
            ],
            "authors": [
                {
                    "name": "David Grudl",
                    "homepage": "https://davidgrudl.com"
                },
                {
                    "name": "Miloslav Hůla",
                    "homepage": "https://github.com/milo"
                },
                {
                    "name": "Nette Community",
                    "homepage": "https://nette.org/contributors"
                }
            ],
            "description": "Nette Tester: enjoyable unit testing in PHP with code coverage reporter. 🍏🍏🍎🍏",
            "homepage": "https://tester.nette.org",
            "keywords": [
                "Xdebug",
                "assertions",
                "clover",
                "code coverage",
                "nette",
                "pcov",
                "phpdbg",
                "phpunit",
                "testing",
                "unit"
            ],
            "support": {
                "issues": "https://github.com/nette/tester/issues",
                "source": "https://github.com/nette/tester/tree/v2.4.3"
            },
            "time": "2022-08-29T16:39:38+00:00"
        }
    ],
    "aliases": [],
    "minimum-stability": "stable",
    "stability-flags": [],
    "prefer-stable": false,
    "prefer-lowest": false,
    "platform": {
        "php": "^7.4|^8"
    },
    "platform-dev": [],
    "plugin-api-version": "2.3.0"
}
